
Microsoft Visual Studio Solution File, Format Version 12.00
# Visual Studio Version 17
VisualStudioVersion = 17.2.32630.192
MinimumVisualStudioVersion = 10.0.40219.1
Project("{FAE04EC0-301F-11D3-BF4B-00C04F79EFBC}") = "overloadedConstructor", "overloadedConstructor\overloadedConstructor.csproj", "{FEC344E3-5791-4BD9-A2D4-32085BDD1216}"
EndProject
Global
	GlobalSection(SolutionConfigurationPlatforms) = preSolution
		Debug|Any CPU = Debug|Any CPU
		Release|Any CPU = Release|Any CPU
	EndGlobalSection
	GlobalSection(ProjectConfigurationPlatforms) = postSolution
		{FEC344E3-5791-4BD9-A2D4-32085BDD1216}.Debug|Any CPU.ActiveCfg = Debug|Any CPU
		{FEC344E3-5791-4BD9-A2D4-32085BDD1216}.Debug|Any CPU.Build.0 = Debug|Any CPU
		{FEC344E3-5791-4BD9-A2D4-32085BDD1216}.Release|Any CPU.ActiveCfg = Release|Any CPU
		{FEC344E3-5791-4BD9-A2D4-32085BDD1216}.Release|Any CPU.Build.0 = Release|Any CPU
	EndGlobalSection
	GlobalSection(SolutionProperties) = preSolution
		HideSolutionNode = FALSE
	EndGlobalSection
	GlobalSection(ExtensibilityGlobals) = postSolution
		SolutionGuid = {96F71C42-F350-446E-8AB3-56123D7BC5B0}
	EndGlobalSection
EndGlobal
